{
  "requires": true,
  "lockfileVersion": 1,
  "dependencies": {
    "@dogstudio/highway": {
      "version": "2.2.1",
      "resolved": "https://registry.npmjs.org/@dogstudio/highway/-/highway-2.2.1.tgz",
      "integrity": "sha512-/03I5fib34y22VGjYFy2y1U0LHPlodH/Ua+YHil6CRf1tcD8uCIHvSH2s2B9rc2I9hjEPTC9I3VfYBIYKiXLAg==",
      "requires": {
        "tiny-emitter": "^2.1.0"
      }
    },
    "fullpage.js": {
      "version": "3.0.9",
      "resolved": "https://registry.npmjs.org/fullpage.js/-/fullpage.js-3.0.9.tgz",
      "integrity": "sha512-CBJZwOkOjX/RToG0L93LwJW4a+/67+AqGEvEagWh1N5KRgDXEOVKlo/TJzCzSI1LsOulb7yqXE8mOzRZzqeYMA=="
    },
    "gsap": {
      "version": "2.1.3",
      "resolved": "https://registry.npmjs.org/gsap/-/gsap-2.1.3.tgz",
      "integrity": "sha512-8RFASCqi2FOCBuv7X4o7M6bLdy+1hbR0azg+MG7zz+EVsI+OmJblYsTk0GEepQd2Jg/ItMPiVTibF7r3EVxjZQ=="
    },
    "jquery": {
      "version": "file:https:/registry.npmjs.org/jquery/-/jquery-3.4.1.tgz",
      "integrity": "sha512-36+AdBzCL+y6qjw5Tx7HgzeGCzC81MDDgaUP8ld2zhx58HdqXGoBd+tHdrBMiyjGQs0Hxs/MLZTu/eHNJJuWPw=="
    },
    "tiny-emitter": {
      "version": "2.1.0",
      "resolved": "https://registry.npmjs.org/tiny-emitter/-/tiny-emitter-2.1.0.tgz",
      "integrity": "sha512-NB6Dk1A9xgQPMoGqC5CVXn123gWyte215ONT5Pp5a0yt4nlEoO1ZWeCwpncaekPHXO60i47ihFnZPiRPjRMq4Q=="
    }
  }
}
